
Microsoft Visual Studio Solution File, Format Version 12.00
# Visual Studio 14
VisualStudioVersion = 14.0.25420.1
MinimumVisualStudioVersion = 10.0.40219.1
Project("{FAE04EC0-301F-11D3-BF4B-00C04F79EFBC}") = "8-3 静态方法和实例方法", "8-3 静态方法和实例方法\8-3 静态方法和实例方法.csproj", "{5F66034D-0A20-4078-A512-CA37293B6327}"
EndProject
Global
	GlobalSection(SolutionConfigurationPlatforms) = preSolution
		Debug|Any CPU = Debug|Any CPU
		Release|Any CPU = Release|Any CPU
	EndGlobalSection
	GlobalSection(ProjectConfigurationPlatforms) = postSolution
		{5F66034D-0A20-4078-A512-CA37293B6327}.Debug|Any CPU.ActiveCfg = Debug|Any CPU
		{5F66034D-0A20-4078-A512-CA37293B6327}.Debug|Any CPU.Build.0 = Debug|Any CPU
		{5F66034D-0A20-4078-A512-CA37293B6327}.Release|Any CPU.ActiveCfg = Release|Any CPU
		{5F66034D-0A20-4078-A512-CA37293B6327}.Release|Any CPU.Build.0 = Release|Any CPU
	EndGlobalSection
	GlobalSection(SolutionProperties) = preSolution
		HideSolutionNode = FALSE
	EndGlobalSection
EndGlobal
